version: 7
platforms:
  - name: linux-64
    virtual-packages:
      - __unix=0=0
      - __linux=4.18
      - __glibc=2.28
      - __archspec=0=x86_64
  - name: osx-arm64
    virtual-packages:
      - __unix=0=0
      - __osx=13.0
      - __archspec=0=m1
environments:
  default:
    channels:
      - url: https://conda.anaconda.org/conda-forge/
    packages:
      linux-64:
        - conda: https://conda.anaconda.org/conda-forge/linux-64/_openmp_mutex-4.5-20_gnu.conda
        - conda: https://conda.anaconda.org/conda-forge/linux-64/bun-1.3.11-h560442b_4.conda
        - conda: https://conda.anaconda.org/conda-forge/linux-64/bzip2-1.0.8-hda65f42_9.conda
        - conda: https://conda.anaconda.org/conda-forge/linux-64/c-ares-1.34.6-hb03c661_0.conda
        - conda: https://conda.anaconda.org/conda-forge/linux-64/hdrhistogram-c-0.11.9-h421ea60_1.conda
        - conda: https://conda.anaconda.org/conda-forge/linux-64/icu-75.1-he02047a_0.conda
        - conda: https://conda.anaconda.org/conda-forge/linux-64/ld_impl_linux-64-2.45.1-default_hbd61a6d_102.conda
        - conda: https://conda.anaconda.org/conda-forge/linux-64/libabseil-20250512.1-cxx17_hba17884_0.conda
        - conda: https://conda.anaconda.org/conda-forge/linux-64/libarchive-3.8.8-gpl_hc2c16d8_100.conda
        - conda: https://conda.anaconda.org/conda-forge/linux-64/libbrotlicommon-1.2.0-hb03c661_1.conda
        - conda: https://conda.anaconda.org/conda-forge/linux-64/libbrotlidec-1.2.0-hb03c661_1.conda
        - conda: https://conda.anaconda.org/conda-forge/linux-64/libbrotlienc-1.2.0-hb03c661_1.conda
        - conda: https://conda.anaconda.org/conda-forge/linux-64/libdeflate-1.25-h17f619e_0.conda
        - conda: https://conda.anaconda.org/conda-forge/linux-64/libev-4.33-hd590300_2.conda
        - conda: https://conda.anaconda.org/conda-forge/linux-64/libexpat-2.8.1-hecca717_1.conda
        - conda: https://conda.anaconda.org/conda-forge/linux-64/libffi-3.5.2-h3435931_0.conda
        - conda: https://conda.anaconda.org/conda-forge/linux-64/libgcc-15.2.0-he0feb66_19.conda
        - conda: https://conda.anaconda.org/conda-forge/linux-64/libgcc-ng-15.2.0-h69a702a_19.conda
        - conda: https://conda.anaconda.org/conda-forge/linux-64/libgomp-15.2.0-he0feb66_19.conda
        - conda: https://conda.anaconda.org/conda-forge/linux-64/libhwy-1.4.0-h10be129_0.conda
        - conda: https://conda.anaconda.org/conda-forge/linux-64/libiconv-1.18-h3b78370_2.conda
        - conda: https://conda.anaconda.org/conda-forge/linux-64/liblzma-5.8.3-hb03c661_0.conda
        - conda: https://conda.anaconda.org/conda-forge/linux-64/libmpdec-4.0.0-hb03c661_1.conda
        - conda: https://conda.anaconda.org/conda-forge/linux-64/libnghttp2-1.68.1-h877daf1_0.conda
        - conda: https://conda.anaconda.org/conda-forge/linux-64/libsqlite-3.53.3-h0c1763c_0.conda
        - conda: https://conda.anaconda.org/conda-forge/linux-64/libstdcxx-15.2.0-h934c35e_19.conda
        - conda: https://conda.anaconda.org/conda-forge/linux-64/libstdcxx-ng-15.2.0-hdf11a46_19.conda
        - conda: https://conda.anaconda.org/conda-forge/linux-64/libuuid-2.42.2-h5347b49_0.conda
        - conda: https://conda.anaconda.org/conda-forge/linux-64/libuv-1.52.1-h280c20c_0.conda
        - conda: https://conda.anaconda.org/conda-forge/linux-64/libxml2-16-2.15.1-ha9997c6_0.conda
        - conda: https://conda.anaconda.org/conda-forge/linux-64/libxml2-2.15.1-h26afc86_0.conda
        - conda: https://conda.anaconda.org/conda-forge/linux-64/libzlib-1.3.2-h25fd6f3_2.conda
        - conda: https://conda.anaconda.org/conda-forge/linux-64/lol-html-3.0.0-hb17b654_0.conda
        - conda: https://conda.anaconda.org/conda-forge/linux-64/ls-hpack-2.3.5-h280c20c_0.conda
        - conda: https://conda.anaconda.org/conda-forge/linux-64/lz4-c-1.10.0-h5888daf_1.conda
        - conda: https://conda.anaconda.org/conda-forge/linux-64/lzo-2.10-h280c20c_1002.conda
        - conda: https://conda.anaconda.org/conda-forge/linux-64/ncurses-6.6-hdb14827_0.conda
        - conda: https://conda.anaconda.org/conda-forge/linux-64/nodejs-25.2.1-he2c55a7_1.conda
        - conda: https://conda.anaconda.org/conda-forge/linux-64/openssl-3.6.3-h35e630c_0.conda
        - conda: https://conda.anaconda.org/conda-forge/linux-64/python-3.14.6-habeac84_100_cp314.conda
        - conda: https://conda.anaconda.org/conda-forge/linux-64/readline-8.3-h853b02a_0.conda
        - conda: https://conda.anaconda.org/conda-forge/linux-64/tk-8.6.13-noxft_h366c992_103.conda
        - conda: https://conda.anaconda.org/conda-forge/linux-64/zstd-1.5.7-hb78ec9c_6.conda
        - conda: https://conda.anaconda.org/conda-forge/noarch/ca-certificates-2026.6.17-hbd8a1cb_0.conda
        - conda: https://conda.anaconda.org/conda-forge/noarch/mystmd-1.10.1-pyhcf101f3_0.conda
        - conda: https://conda.anaconda.org/conda-forge/noarch/python_abi-3.14-8_cp314.conda
        - conda: https://conda.anaconda.org/conda-forge/noarch/tzdata-2025c-hc9c84f9_1.conda
      osx-arm64:
        - conda: https://conda.anaconda.org/conda-forge/noarch/ca-certificates-2026.6.17-hbd8a1cb_0.conda
        - conda: https://conda.anaconda.org/conda-forge/noarch/mystmd-1.10.1-pyhcf101f3_0.conda
        - conda: https://conda.anaconda.org/conda-forge/noarch/python_abi-3.14-8_cp314.conda
        - conda: https://conda.anaconda.org/conda-forge/noarch/tzdata-2025c-hc9c84f9_1.conda
        - conda: https://conda.anaconda.org/conda-forge/osx-arm64/bun-1.3.11-h5389c0c_4.conda
        - conda: https://conda.anaconda.org/conda-forge/osx-arm64/bzip2-1.0.8-hd037594_9.conda
        - conda: https://conda.anaconda.org/conda-forge/osx-arm64/c-ares-1.34.6-hc919400_0.conda
        - conda: https://conda.anaconda.org/conda-forge/osx-arm64/hdrhistogram-c-0.11.9-h132b30e_1.conda
        - conda: https://conda.anaconda.org/conda-forge/osx-arm64/icu-78.3-hef89b57_0.conda
        - conda: https://conda.anaconda.org/conda-forge/osx-arm64/libabseil-20260526.0-cxx17_h2062a1b_1.conda
        - conda: https://conda.anaconda.org/conda-forge/osx-arm64/libarchive-3.8.8-gpl_h6fbacd7_100.conda
        - conda: https://conda.anaconda.org/conda-forge/osx-arm64/libbrotlicommon-1.2.0-hc919400_1.conda
        - conda: https://conda.anaconda.org/conda-forge/osx-arm64/libbrotlidec-1.2.0-hc919400_1.conda
        - conda: https://conda.anaconda.org/conda-forge/osx-arm64/libbrotlienc-1.2.0-hc919400_1.conda
        - conda: https://conda.anaconda.org/conda-forge/osx-arm64/libcxx-22.1.8-h55c6f16_0.conda
        - conda: https://conda.anaconda.org/conda-forge/osx-arm64/libdeflate-1.25-hc11a715_0.conda
        - conda: https://conda.anaconda.org/conda-forge/osx-arm64/libev-4.33-h93a5062_2.conda
        - conda: https://conda.anaconda.org/conda-forge/osx-arm64/libexpat-2.8.1-hf6b4638_1.conda
        - conda: https://conda.anaconda.org/conda-forge/osx-arm64/libffi-3.5.2-hcf2aa1b_0.conda
        - conda: https://conda.anaconda.org/conda-forge/osx-arm64/libhwy-1.4.0-ha332bbd_0.conda
        - conda: https://conda.anaconda.org/conda-forge/osx-arm64/libiconv-1.18-h23cfdf5_2.conda
        - conda: https://conda.anaconda.org/conda-forge/osx-arm64/liblzma-5.8.3-h8088a28_0.conda
        - conda: https://conda.anaconda.org/conda-forge/osx-arm64/libmpdec-4.0.0-h84a0fba_1.conda
        - conda: https://conda.anaconda.org/conda-forge/osx-arm64/libnghttp2-1.68.1-h8f3e76b_0.conda
        - conda: https://conda.anaconda.org/conda-forge/osx-arm64/libsqlite-3.53.3-h1b79a29_0.conda
        - conda: https://conda.anaconda.org/conda-forge/osx-arm64/libuv-1.52.1-h1a92334_0.conda
        - conda: https://conda.anaconda.org/conda-forge/osx-arm64/libxml2-16-2.15.3-h5ef1a60_0.conda
        - conda: https://conda.anaconda.org/conda-forge/osx-arm64/libxml2-2.15.3-h5654f7c_0.conda
        - conda: https://conda.anaconda.org/conda-forge/osx-arm64/libzlib-1.3.2-h8088a28_2.conda
        - conda: https://conda.anaconda.org/conda-forge/osx-arm64/lol-html-3.0.0-h6fdd925_0.conda
        - conda: https://conda.anaconda.org/conda-forge/osx-arm64/ls-hpack-2.3.5-h1a92334_0.conda
        - conda: https://conda.anaconda.org/conda-forge/osx-arm64/lz4-c-1.10.0-h286801f_1.conda
        - conda: https://conda.anaconda.org/conda-forge/osx-arm64/lzo-2.10-h925e9cb_1002.conda
        - conda: https://conda.anaconda.org/conda-forge/osx-arm64/ncurses-6.6-h1d4f5a5_0.conda
        - conda: https://conda.anaconda.org/conda-forge/osx-arm64/nodejs-26.5.0-h00e74ec_0.conda
        - conda: https://conda.anaconda.org/conda-forge/osx-arm64/openssl-3.6.3-hd24854e_0.conda
        - conda: https://conda.anaconda.org/conda-forge/osx-arm64/python-3.14.6-h156bc91_100_cp314.conda
        - conda: https://conda.anaconda.org/conda-forge/osx-arm64/readline-8.3-h46df422_0.conda
        - conda: https://conda.anaconda.org/conda-forge/osx-arm64/tk-8.6.13-h010d191_3.conda
        - conda: https://conda.anaconda.org/conda-forge/osx-arm64/zstd-1.5.7-hbf9d68e_6.conda
packages:
  - conda: https://conda.anaconda.org/conda-forge/linux-64/_openmp_mutex-4.5-20_gnu.conda
    build_number: 20
    sha256: 1dd3fffd892081df9726d7eb7e0dea6198962ba775bd88842135a4ddb4deb3c9
    md5: a9f577daf3de00bca7c3c76c0ecbd1de
    depends:
      - __glibc >=2.17,<3.0.a0
      - libgomp >=7.5.0
    constrains:
      - openmp_impl <0.0a0
    license: BSD-3-Clause
    license_family: BSD
    run_exports:
      strong:
        - _openmp_mutex >=4.5
    size: 28948
    timestamp: 1770939786096
  - conda: https://conda.anaconda.org/conda-forge/linux-64/bun-1.3.11-h560442b_4.conda
    sha256: 93467a42c74e34738d771ae518189ac4db1c8cfbd6ea30276a86ae7062f057ad
    md5: b31a44395580c7cbf2de971faf23d7f7
    depends:
      - libstdcxx >=15
      - libgcc >=15
      - __glibc >=2.28,<3.0.a0
      - libsqlite >=3.53.2,<4.0a0
      - ls-hpack >=2.3.5,<2.3.6.0a0
      - zstd >=1.5.7,<1.6.0a0
      - libdeflate >=1.25,<1.26.0a0
      - libzlib >=1.3.2,<2.0a0
      - libarchive >=3.8.7,<3.9.0a0
      - hdrhistogram-c >=0.11.9,<0.11.10.0a0
      - c-ares >=1.34.6,<2.0a0
      - icu >=75.1,<76.0a0
      - lol-html >=3.0.0,<3.0.1.0a0
      - libbrotlicommon >=1.2.0,<1.3.0a0
      - libbrotlienc >=1.2.0,<1.3.0a0
      - libbrotlidec >=1.2.0,<1.3.0a0
      - libhwy >=1.4.0,<1.5.0a0
    license: MIT
    license_family: MIT
    run_exports: {}
    size: 17940522
    timestamp: 1780924533437
  - conda: https://conda.anaconda.org/conda-forge/linux-64/bzip2-1.0.8-hda65f42_9.conda
    sha256: 0b75d45f0bba3e95dc693336fa51f40ea28c980131fec438afb7ce6118ed05f6
    md5: d2ffd7602c02f2b316fd921d39876885
    depends:
      - __glibc >=2.17,<3.0.a0
      - libgcc >=14
    license: bzip2-1.0.6
    license_family: BSD
    run_exports:
      weak:
        - bzip2 >=1.0.8,<2.0a0
    size: 260182
    timestamp: 1771350215188
  - conda: https://conda.anaconda.org/conda-forge/linux-64/c-ares-1.34.6-hb03c661_0.conda
    sha256: cc9accf72fa028d31c2a038460787751127317dcfa991f8d1f1babf216bb454e
    md5: 920bb03579f15389b9e512095ad995b7
    depends:
      - __glibc >=2.17,<3.0.a0
      - libgcc >=14
    license: MIT
    license_family: MIT
    run_exports:
      weak:
        - c-ares >=1.34.6,<2.0a0
    size: 207882
    timestamp: 1765214722852
  - conda: https://conda.anaconda.org/conda-forge/linux-64/hdrhistogram-c-0.11.9-h421ea60_1.conda
    sha256: 04363c6cd15b7d9e48b622e196471b725630c84e82bfa7a4adbf36f5e94a2c06
    md5: 5160b2491c798ef0f3e883485c526e42
    depends:
      - libgcc >=14
      - __glibc >=2.17,<3.0.a0
      - libzlib >=1.3.1,<2.0a0
    license: BSD-2-Clause OR CC0-1.0
    run_exports:
      weak:
        - hdrhistogram-c >=0.11.9,<0.11.10.0a0
    size: 38736
    timestamp: 1769816263111
  - conda: https://conda.anaconda.org/conda-forge/linux-64/icu-75.1-he02047a_0.conda
    sha256: 71e750d509f5fa3421087ba88ef9a7b9be11c53174af3aa4d06aff4c18b38e8e
    md5: 8b189310083baabfb622af68fd9d3ae3
    depends:
      - __glibc >=2.17,<3.0.a0
      - libgcc-ng >=12
      - libstdcxx-ng >=12
    license: MIT
    license_family: MIT
    run_exports:
      weak:
        - icu >=75.1,<76.0a0
    size: 12129203
    timestamp: 1720853576813
  - conda: https://conda.anaconda.org/conda-forge/linux-64/ld_impl_linux-64-2.45.1-default_hbd61a6d_102.conda
    sha256: 3d584956604909ff5df353767f3a2a2f60e07d070b328d109f30ac40cd62df6c
    md5: 18335a698559cdbcd86150a48bf54ba6
    depends:
      - __glibc >=2.17,<3.0.a0
      - zstd >=1.5.7,<1.6.0a0
    constrains:
      - binutils_impl_linux-64 2.45.1
    license: GPL-3.0-only
    license_family: GPL
    run_exports: {}
    size: 728002
    timestamp: 1774197446916
  - conda: https://conda.anaconda.org/conda-forge/linux-64/libabseil-20250512.1-cxx17_hba17884_0.conda
    sha256: dcd1429a1782864c452057a6c5bc1860f2b637dc20a2b7e6eacd57395bbceff8
    md5: 83b160d4da3e1e847bf044997621ed63
    depends:
      - __glibc >=2.17,<3.0.a0
      - libgcc >=13
      - libstdcxx >=13
    constrains:
      - libabseil-static =20250512.1=cxx17*
      - abseil-cpp =20250512.1
    license: Apache-2.0
    license_family: Apache
    run_exports:
      weak:
        - libabseil >=20250512.1,<20250513.0a0
        - libabseil =*=cxx17*
    size: 1310612
    timestamp: 1750194198254
  - conda: https://conda.anaconda.org/conda-forge/linux-64/libarchive-3.8.8-gpl_hc2c16d8_100.conda
    sha256: f916b51f55f51a9bb2d902e0a5f029490f7b745aee549c349751c1787ddc26b8
    md5: 44652e646cb623f486ea72e7e7479222
    depends:
      - __glibc >=2.17,<3.0.a0
      - bzip2 >=1.0.8,<2.0a0
      - libgcc >=14
      - liblzma >=5.8.3,<6.0a0
      - libxml2
      - libxml2-16 >=2.14.6
      - libzlib >=1.3.2,<2.0a0
      - lz4-c >=1.10.0,<1.11.0a0
      - lzo >=2.10,<3.0a0
      - openssl >=3.5.7,<4.0a0
      - zstd >=1.5.7,<1.6.0a0
    license: BSD-2-Clause
    license_family: BSD
    run_exports:
      weak:
        - libarchive >=3.8.8,<3.9.0a0
    size: 867280
    timestamp: 1782289011634
  - conda: https://conda.anaconda.org/conda-forge/linux-64/libbrotlicommon-1.2.0-hb03c661_1.conda
    sha256: 318f36bd49ca8ad85e6478bd8506c88d82454cc008c1ac1c6bf00a3c42fa610e
    md5: 72c8fd1af66bd67bf580645b426513ed
    depends:
      - __glibc >=2.17,<3.0.a0
      - libgcc >=14
    license: MIT
    license_family: MIT
    run_exports:
      weak:
        - libbrotlicommon >=1.2.0,<1.3.0a0
    size: 79965
    timestamp: 1764017188531
  - conda: https://conda.anaconda.org/conda-forge/linux-64/libbrotlidec-1.2.0-hb03c661_1.conda
    sha256: 12fff21d38f98bc446d82baa890e01fd82e3b750378fedc720ff93522ffb752b
    md5: 366b40a69f0ad6072561c1d09301c886
    depends:
      - __glibc >=2.17,<3.0.a0
      - libbrotlicommon 1.2.0 hb03c661_1
      - libgcc >=14
    license: MIT
    license_family: MIT
    run_exports:
      weak:
        - libbrotlidec >=1.2.0,<1.3.0a0
    size: 34632
    timestamp: 1764017199083
  - conda: https://conda.anaconda.org/conda-forge/linux-64/libbrotlienc-1.2.0-hb03c661_1.conda
    sha256: a0c15c79997820bbd3fbc8ecf146f4fe0eca36cc60b62b63ac6cf78857f1dd0d
    md5: 4ffbb341c8b616aa2494b6afb26a0c5f
    depends:
      - __glibc >=2.17,<3.0.a0
      - libbrotlicommon 1.2.0 hb03c661_1
      - libgcc >=14
    license: MIT
    license_family: MIT
    run_exports:
      weak:
        - libbrotlienc >=1.2.0,<1.3.0a0
    size: 298378
    timestamp: 1764017210931
  - conda: https://conda.anaconda.org/conda-forge/linux-64/libdeflate-1.25-h17f619e_0.conda
    sha256: aa8e8c4be9a2e81610ddf574e05b64ee131fab5e0e3693210c9d6d2fba32c680
    md5: 6c77a605a7a689d17d4819c0f8ac9a00
    depends:
      - __glibc >=2.17,<3.0.a0
      - libgcc >=14
    license: MIT
    license_family: MIT
    run_exports:
      weak:
        - libdeflate >=1.25,<1.26.0a0
    size: 73490
    timestamp: 1761979956660
  - conda: https://conda.anaconda.org/conda-forge/linux-64/libev-4.33-hd590300_2.conda
    sha256: 1cd6048169fa0395af74ed5d8f1716e22c19a81a8a36f934c110ca3ad4dd27b4
    md5: 172bf1cd1ff8629f2b1179945ed45055
    depends:
      - libgcc-ng >=12
    license: BSD-2-Clause
    license_family: BSD
    run_exports:
      weak:
        - libev >=4.33,<4.34.0a0
    size: 112766
    timestamp: 1702146165126
  - conda: https://conda.anaconda.org/conda-forge/linux-64/libexpat-2.8.1-hecca717_1.conda
    sha256: 16feffd9ddbbe5b718515d38ee376c685ba95491cd901244e24671d20b952a77
    md5: b24d3c612f71e7aa74158d92106318b2
    depends:
      - __glibc >=2.17,<3.0.a0
      - libgcc >=14
    constrains:
      - expat 2.8.1.*
    license: MIT
    license_family: MIT
    run_exports: {}
    size: 77856
    timestamp: 1781203599810
  - conda: https://conda.anaconda.org/conda-forge/linux-64/libffi-3.5.2-h3435931_0.conda
    sha256: 31f19b6a88ce40ebc0d5a992c131f57d919f73c0b92cd1617a5bec83f6e961e6
    md5: a360c33a5abe61c07959e449fa1453eb
    depends:
      - __glibc >=2.17,<3.0.a0
      - libgcc >=14
    license: MIT
    license_family: MIT
    run_exports:
      weak:
        - libffi >=3.5.2,<3.6.0a0
    size: 58592
    timestamp: 1769456073053
  - conda: https://conda.anaconda.org/conda-forge/linux-64/libgcc-15.2.0-he0feb66_19.conda
    sha256: 8e0a3b5e41272e5678499b5dfc4cddb673f9e935de01eb0767ce857001229f46
    md5: 57736f29cc2b0ec0b6c2952d3f101b6a
    depends:
      - __glibc >=2.17,<3.0.a0
      - _openmp_mutex >=4.5
    constrains:
      - libgcc-ng ==15.2.0=*_19
      - libgomp 15.2.0 he0feb66_19
    license: GPL-3.0-only WITH GCC-exception-3.1
    license_family: GPL
    run_exports: {}
    size: 1041084
    timestamp: 1778269013026
  - conda: https://conda.anaconda.org/conda-forge/linux-64/libgcc-ng-15.2.0-h69a702a_19.conda
    sha256: 9dcf54adfaa5e861123c2da4f2f0451a685464ea7e5a41ad91cf67b31d658d98
    md5: 331ee9b72b9dff570d56b1302c5ab37d
    depends:
      - libgcc 15.2.0 he0feb66_19
    license: GPL-3.0-only WITH GCC-exception-3.1
    license_family: GPL
    run_exports:
      strong:
        - libgcc
    size: 27694
    timestamp: 1778269016987
  - conda: https://conda.anaconda.org/conda-forge/linux-64/libgomp-15.2.0-he0feb66_19.conda
    sha256: 5abe4ab9d93f6c9757d654f1969ae2267d4505315c1f2f8fe705fd60af084f1b
    md5: faac990cb7aedc7f3a2224f2c9b0c26c
    depends:
      - __glibc >=2.17,<3.0.a0
    license: GPL-3.0-only WITH GCC-exception-3.1
    license_family: GPL
    run_exports:
      strong:
        - _openmp_mutex >=4.5
    size: 603817
    timestamp: 1778268942614
  - conda: https://conda.anaconda.org/conda-forge/linux-64/libhwy-1.4.0-h10be129_0.conda
    sha256: 8b70955d5e9a49d08945d4f8e2eab855b2efa5fce9cb9bc5e75d86764e6f2f38
    md5: 3a9428b74c403c71048104d38437b48c
    depends:
      - __glibc >=2.17,<3.0.a0
      - libgcc >=14
      - libstdcxx >=14
    license: Apache-2.0 OR BSD-3-Clause
    run_exports:
      weak:
        - libhwy >=1.4.0,<1.5.0a0
    size: 1435782
    timestamp: 1776989559668
  - conda: https://conda.anaconda.org/conda-forge/linux-64/libiconv-1.18-h3b78370_2.conda
    sha256: c467851a7312765447155e071752d7bf9bf44d610a5687e32706f480aad2833f
    md5: 915f5995e94f60e9a4826e0b0920ee88
    depends:
      - __glibc >=2.17,<3.0.a0
      - libgcc >=14
    license: LGPL-2.1-only
    run_exports:
      weak:
        - libiconv >=1.18,<2.0a0
    size: 790176
    timestamp: 1754908768807
  - conda: https://conda.anaconda.org/conda-forge/linux-64/liblzma-5.8.3-hb03c661_0.conda
    sha256: ec30e52a3c1bf7d0425380a189d209a52baa03f22fb66dd3eb587acaa765bd6d
    md5: b88d90cad08e6bc8ad540cb310a761fb
    depends:
      - __glibc >=2.17,<3.0.a0
      - libgcc >=14
    constrains:
      - xz 5.8.3.*
    license: 0BSD
    run_exports:
      weak:
        - liblzma >=5.8.3,<6.0a0
    size: 113478
    timestamp: 1775825492909
  - conda: https://conda.anaconda.org/conda-forge/linux-64/libmpdec-4.0.0-hb03c661_1.conda
    sha256: fe171ed5cf5959993d43ff72de7596e8ac2853e9021dec0344e583734f1e0843
    md5: 2c21e66f50753a083cbe6b80f38268fa
    depends:
      - __glibc >=2.17,<3.0.a0
      - libgcc >=14
    license: BSD-2-Clause
    license_family: BSD
    run_exports: {}
    size: 92400
    timestamp: 1769482286018
  - conda: https://conda.anaconda.org/conda-forge/linux-64/libnghttp2-1.68.1-h877daf1_0.conda
    sha256: 663444d77a42f2265f54fb8b48c5450bfff4388d9c0f8253dd7855f0d993153f
    md5: 2a45e7f8af083626f009645a6481f12d
    depends:
      - __glibc >=2.17,<3.0.a0
      - c-ares >=1.34.6,<2.0a0
      - libev >=4.33,<4.34.0a0
      - libev >=4.33,<5.0a0
      - libgcc >=14
      - libstdcxx >=14
      - libzlib >=1.3.1,<2.0a0
      - openssl >=3.5.5,<4.0a0
    license: MIT
    license_family: MIT
    run_exports:
      weak:
        - libnghttp2 >=1.68.1,<2.0a0
    size: 663344
    timestamp: 1773854035739
  - conda: https://conda.anaconda.org/conda-forge/linux-64/libsqlite-3.53.3-h0c1763c_0.conda
    sha256: 365376f4815e5e80def2b3462a2419708b7c292da0da85278386c2618621fff4
    md5: 4aed8e657e9ff156bdbe849b4df44389
    depends:
      - __glibc >=2.17,<3.0.a0
      - libgcc >=14
      - libzlib >=1.3.2,<2.0a0
    license: blessing
    run_exports:
      weak:
        - libsqlite >=3.53.3,<4.0a0
    size: 962119
    timestamp: 1782519076616
  - conda: https://conda.anaconda.org/conda-forge/linux-64/libstdcxx-15.2.0-h934c35e_19.conda
    sha256: dff1058c76ec6b8759e41cefa2508162d00e4a5e6721aa68ec3fd10094e702dc
    md5: 5794b3bdc38177caf969dabd3af08549
    depends:
      - __glibc >=2.17,<3.0.a0
      - libgcc 15.2.0 he0feb66_19
    constrains:
      - libstdcxx-ng ==15.2.0=*_19
    license: GPL-3.0-only WITH GCC-exception-3.1
    license_family: GPL
    run_exports: {}
    size: 5852044
    timestamp: 1778269036376
  - conda: https://conda.anaconda.org/conda-forge/linux-64/libstdcxx-ng-15.2.0-hdf11a46_19.conda
    sha256: 0672b6b6e1791c92e8eccad58081a99d614fcf82bca5841f9dfa3c3e658f83b9
    md5: e5ce228e579726c07255dbf90dc62101
    depends:
      - libstdcxx 15.2.0 h934c35e_19
    license: GPL-3.0-only WITH GCC-exception-3.1
    license_family: GPL
    run_exports:
      strong:
        - libstdcxx
    size: 27776
    timestamp: 1778269074600
  - conda: https://conda.anaconda.org/conda-forge/linux-64/libuuid-2.42.2-h5347b49_0.conda
    sha256: 9b1bdce27a7e31f7d241aeecff67a1f3101d52a2b1e33ccc2cdf2613072bf81f
    md5: 01bb81d12c957de066ea7362007df642
    depends:
      - libgcc >=14
      - __glibc >=2.17,<3.0.a0
    license: BSD-3-Clause
    license_family: BSD
    run_exports:
      weak:
        - libuuid >=2.42.2,<3.0a0
    size: 40017
    timestamp: 1781625522462
  - conda: https://conda.anaconda.org/conda-forge/linux-64/libuv-1.52.1-h280c20c_0.conda
    sha256: e28e4519223f78b3163599ca89c3f2d80bfb53e907e7fc74e806e60d1efa578b
    md5: 4e33d49bf4fc853855a3b00643aa5484
    depends:
      - libgcc >=14
      - __glibc >=2.17,<3.0.a0
    license: MIT
    license_family: MIT
    run_exports:
      weak:
        - libuv >=1.52.1,<2.0a0
    size: 419935
    timestamp: 1779396012261
  - conda: https://conda.anaconda.org/conda-forge/linux-64/libxml2-16-2.15.1-ha9997c6_0.conda
    sha256: 71436e72a286ef8b57d6f4287626ff91991eb03c7bdbe835280521791efd1434
    md5: e7733bc6785ec009e47a224a71917e84
    depends:
      - __glibc >=2.17,<3.0.a0
      - icu >=75.1,<76.0a0
      - libgcc >=14
      - libiconv >=1.18,<2.0a0
      - liblzma >=5.8.1,<6.0a0
      - libzlib >=1.3.1,<2.0a0
    constrains:
      - libxml2 2.15.1
    license: MIT
    license_family: MIT
    run_exports: {}
    size: 556302
    timestamp: 1761015637262
  - conda: https://conda.anaconda.org/conda-forge/linux-64/libxml2-2.15.1-h26afc86_0.conda
    sha256: ec0735ae56c3549149eebd7dc22c0bed91fd50c02eaa77ff418613ddda190aa8
    md5: e512be7dc1f84966d50959e900ca121f
    depends:
      - __glibc >=2.17,<3.0.a0
      - icu >=75.1,<76.0a0
      - libgcc >=14
      - libiconv >=1.18,<2.0a0
      - liblzma >=5.8.1,<6.0a0
      - libxml2-16 2.15.1 ha9997c6_0
      - libzlib >=1.3.1,<2.0a0
    license: MIT
    license_family: MIT
    run_exports:
      weak:
        - libxml2
        - libxml2-16 >=2.15.1
    size: 45283
    timestamp: 1761015644057
  - conda: https://conda.anaconda.org/conda-forge/linux-64/libzlib-1.3.2-h25fd6f3_2.conda
    sha256: 55044c403570f0dc26e6364de4dc5368e5f3fc7ff103e867c487e2b5ab2bcda9
    md5: d87ff7921124eccd67248aa483c23fec
    depends:
      - __glibc >=2.17,<3.0.a0
    constrains:
      - zlib 1.3.2 *_2
    license: Zlib
    license_family: Other
    run_exports:
      weak:
        - libzlib >=1.3.2,<2.0a0
    size: 63629
    timestamp: 1774072609062
  - conda: https://conda.anaconda.org/conda-forge/linux-64/lol-html-3.0.0-hb17b654_0.conda
    sha256: 852ae2072f6c8cfaf32db8a7f3d33d3d70b28f91af3137d5da0f12ba63a00749
    md5: f67d6bd8ed2470a0198dc7765d595bb2
    depends:
      - libgcc >=14
      - __glibc >=2.17,<3.0.a0
    constrains:
      - __glibc >=2.17
    license: BSD-3-Clause
    license_family: BSD
    run_exports:
      weak:
        - lol-html >=3.0.0,<3.0.1.0a0
    size: 482549
    timestamp: 1780399715936
  - conda: https://conda.anaconda.org/conda-forge/linux-64/ls-hpack-2.3.5-h280c20c_0.conda
    sha256: fe57537d4fd99845c9d94870e46fe78e0e7ace0343991dac765d55777da1e500
    md5: 5f8ace4f3cf7857ab7b80c328dc07622
    depends:
      - __glibc >=2.17,<3.0.a0
      - libgcc >=14
    license: MIT
    license_family: MIT
    run_exports:
      weak:
        - ls-hpack >=2.3.5,<2.3.6.0a0
    size: 99800
    timestamp: 1779602199229
  - conda: https://conda.anaconda.org/conda-forge/linux-64/lz4-c-1.10.0-h5888daf_1.conda
    sha256: 47326f811392a5fd3055f0f773036c392d26fdb32e4d8e7a8197eed951489346
    md5: 9de5350a85c4a20c685259b889aa6393
    depends:
      - __glibc >=2.17,<3.0.a0
      - libgcc >=13
      - libstdcxx >=13
    license: BSD-2-Clause
    license_family: BSD
    run_exports:
      weak:
        - lz4-c >=1.10.0,<1.11.0a0
    size: 167055
    timestamp: 1733741040117
  - conda: https://conda.anaconda.org/conda-forge/linux-64/lzo-2.10-h280c20c_1002.conda
    sha256: 5c6bbeec116e29f08e3dad3d0524e9bc5527098e12fc432c0e5ca53ea16337d4
    md5: 45161d96307e3a447cc3eb5896cf6f8c
    depends:
      - libgcc >=14
      - __glibc >=2.17,<3.0.a0
    license: GPL-2.0-or-later
    license_family: GPL
    run_exports:
      weak:
        - lzo >=2.10,<3.0a0
    size: 191060
    timestamp: 1753889274283
  - conda: https://conda.anaconda.org/conda-forge/linux-64/ncurses-6.6-hdb14827_0.conda
    sha256: fc89f74bbe362fb29fa3c037697a89bec140b346a2469a90f7936d1d7ea4d8a3
    md5: fc21868a1a5aacc937e7a18747acb8a5
    depends:
      - __glibc >=2.17,<3.0.a0
      - libgcc >=14
    license: X11 AND BSD-3-Clause
    run_exports:
      weak:
        - ncurses >=6.6,<7.0a0
    size: 918956
    timestamp: 1777422145199
  - conda: https://conda.anaconda.org/conda-forge/linux-64/nodejs-25.2.1-he2c55a7_1.conda
    sha256: 6516f99fe400181ebe27cba29180ca0c7425c15d7392f74220a028ad0e0064a2
    md5: d8005b3a90515c952b51026f6b7d005d
    depends:
      - __glibc >=2.28,<3.0.a0
      - libstdcxx >=14
      - libgcc >=14
      - zstd >=1.5.7,<1.6.0a0
      - c-ares >=1.34.6,<2.0a0
      - libuv >=1.51.0,<2.0a0
      - libsqlite >=3.51.1,<4.0a0
      - libnghttp2 >=1.67.0,<2.0a0
      - openssl >=3.5.4,<4.0a0
      - libabseil >=20250512.1,<20250513.0a0
      - libabseil * cxx17*
      - libzlib >=1.3.1,<2.0a0
      - libbrotlicommon >=1.2.0,<1.3.0a0
      - libbrotlienc >=1.2.0,<1.3.0a0
      - libbrotlidec >=1.2.0,<1.3.0a0
      - icu >=75.1,<76.0a0
    license: MIT
    license_family: MIT
    run_exports:
      weak:
        - nodejs >=25.2.1,<26.0a0
    size: 17246248
    timestamp: 1765444698486
  - conda: https://conda.anaconda.org/conda-forge/linux-64/openssl-3.6.3-h35e630c_0.conda
    sha256: d48f5c22b9897c01e4dff3680f1f57ceb02711ab9c62f74339b080419dfad34b
    md5: 79dd2074b5cd5c5c6b2930514a11e22d
    depends:
      - __glibc >=2.17,<3.0.a0
      - ca-certificates
      - libgcc >=14
    license: Apache-2.0
    license_family: Apache
    run_exports:
      weak:
        - openssl >=3.6.3,<4.0a0
    size: 3159683
    timestamp: 1781069855778
  - conda: https://conda.anaconda.org/conda-forge/linux-64/python-3.14.6-habeac84_100_cp314.conda
    build_number: 100
    sha256: 6d28ac2b061179deb434d3d57afa98ffd20ec3c5d44ab8048a1ca33424b22d38
    md5: 0b9b2f83b5b600e1ac38becde8d0dd44
    depends:
      - __glibc >=2.17,<3.0.a0
      - bzip2 >=1.0.8,<2.0a0
      - ld_impl_linux-64 >=2.36.1
      - libexpat >=2.8.1,<3.0a0
      - libffi >=3.5.2,<3.6.0a0
      - libgcc >=14
      - liblzma >=5.8.3,<6.0a0
      - libmpdec >=4.0.0,<5.0a0
      - libsqlite >=3.53.2,<4.0a0
      - libuuid >=2.42.1,<3.0a0
      - libzlib >=1.3.2,<2.0a0
      - ncurses >=6.6,<7.0a0
      - openssl >=3.5.7,<4.0a0
      - python_abi 3.14.* *_cp314
      - readline >=8.3,<9.0a0
      - tk >=8.6.13,<8.7.0a0
      - tzdata
      - zstd >=1.5.7,<1.6.0a0
    license: Python-2.0
    run_exports:
      weak:
        - python_abi 3.14.* *_cp314
      noarch:
        - python
    size: 36717183
    timestamp: 1781255094700
    python_site_packages_path: lib/python3.14/site-packages
  - conda: https://conda.anaconda.org/conda-forge/linux-64/readline-8.3-h853b02a_0.conda
    sha256: 12ffde5a6f958e285aa22c191ca01bbd3d6e710aa852e00618fa6ddc59149002
    md5: d7d95fc8287ea7bf33e0e7116d2b95ec
    depends:
      - __glibc >=2.17,<3.0.a0
      - libgcc >=14
      - ncurses >=6.5,<7.0a0
    license: GPL-3.0-only
    license_family: GPL
    run_exports:
      weak:
        - readline >=8.3,<9.0a0
    size: 345073
    timestamp: 1765813471974
  - conda: https://conda.anaconda.org/conda-forge/linux-64/tk-8.6.13-noxft_h366c992_103.conda
    sha256: cafeec44494f842ffeca27e9c8b0c27ed714f93ac77ddadc6aaf726b5554ebac
    md5: cffd3bdd58090148f4cfcd831f4b26ab
    depends:
      - __glibc >=2.17,<3.0.a0
      - libgcc >=14
      - libzlib >=1.3.1,<2.0a0
    constrains:
      - xorg-libx11 >=1.8.12,<2.0a0
    license: TCL
    license_family: BSD
    run_exports:
      weak:
        - tk >=8.6.13,<8.7.0a0
    size: 3301196
    timestamp: 1769460227866
  - conda: https://conda.anaconda.org/conda-forge/linux-64/zstd-1.5.7-hb78ec9c_6.conda
    sha256: 68f0206ca6e98fea941e5717cec780ed2873ffabc0e1ed34428c061e2c6268c7
    md5: 4a13eeac0b5c8e5b8ab496e6c4ddd829
    depends:
      - __glibc >=2.17,<3.0.a0
      - libzlib >=1.3.1,<2.0a0
    license: BSD-3-Clause
    license_family: BSD
    run_exports:
      weak:
        - zstd >=1.5.7,<1.6.0a0
    size: 601375
    timestamp: 1764777111296
  - conda: https://conda.anaconda.org/conda-forge/noarch/ca-certificates-2026.6.17-hbd8a1cb_0.conda
    sha256: f8e3c730fa14ee3f170493779f06522c4acf89169f43db4f039727709b6419cf
    md5: a9965dd99f683c5f444428f896635716
    depends:
      - __unix
    license: ISC
    run_exports: {}
    size: 128866
    timestamp: 1781708962055
  - conda: https://conda.anaconda.org/conda-forge/noarch/mystmd-1.10.1-pyhcf101f3_0.conda
    sha256: b4f7643a7c33f062f9ade71411e66d6fe30a70c9e93631c5091e553e15a1a63b
    md5: 21d74fa7f9fcc516065990fb22ae4d3c
    depends:
      - python >=3.10
      - nodejs >=18
      - python
    license: MIT
    license_family: MIT
    run_exports: {}
    size: 2189657
    timestamp: 1780749480811
  - conda: https://conda.anaconda.org/conda-forge/noarch/python_abi-3.14-8_cp314.conda
    build_number: 8
    sha256: ad6d2e9ac39751cc0529dd1566a26751a0bf2542adb0c232533d32e176e21db5
    md5: 0539938c55b6b1a59b560e843ad864a4
    constrains:
      - python 3.14.* *_cp314
    license: BSD-3-Clause
    license_family: BSD
    run_exports: {}
    size: 6989
    timestamp: 1752805904792
  - conda: https://conda.anaconda.org/conda-forge/noarch/tzdata-2025c-hc9c84f9_1.conda
    sha256: 1d30098909076af33a35017eed6f2953af1c769e273a0626a04722ac4acaba3c
    md5: ad659d0a2b3e47e38d829aa8cad2d610
    license: LicenseRef-Public-Domain
    run_exports: {}
    size: 119135
    timestamp: 1767016325805
  - conda: https://conda.anaconda.org/conda-forge/osx-arm64/bun-1.3.11-h5389c0c_4.conda
    sha256: ddea3ef56c01e357b167c5e761a56ba1a8af6c69188234199cfe5a0065eec015
    md5: 018d2e896104b7e3f0462322885e4e0b
    depends:
      - libcxx >=21
      - __osx >=13.0
      - lol-html >=3.0.0,<3.0.1.0a0
      - libdeflate >=1.25,<1.26.0a0
      - libbrotlicommon >=1.2.0,<1.3.0a0
      - libbrotlienc >=1.2.0,<1.3.0a0
      - libbrotlidec >=1.2.0,<1.3.0a0
      - ls-hpack >=2.3.5,<2.3.6.0a0
      - libhwy >=1.4.0,<1.5.0a0
      - libzlib >=1.3.2,<2.0a0
      - libsqlite >=3.53.2,<4.0a0
      - hdrhistogram-c >=0.11.9,<0.11.10.0a0
      - libarchive >=3.8.7,<3.9.0a0
      - c-ares >=1.34.6,<2.0a0
      - zstd >=1.5.7,<1.6.0a0
    license: MIT
    license_family: MIT
    run_exports: {}
    size: 17012905
    timestamp: 1780924565717
  - conda: https://conda.anaconda.org/conda-forge/osx-arm64/bzip2-1.0.8-hd037594_9.conda
    sha256: 540fe54be35fac0c17feefbdc3e29725cce05d7367ffedfaaa1bdda234b019df
    md5: 620b85a3f45526a8bc4d23fd78fc22f0
    depends:
      - __osx >=11.0
    license: bzip2-1.0.6
    license_family: BSD
    run_exports:
      weak:
        - bzip2 >=1.0.8,<2.0a0
    size: 124834
    timestamp: 1771350416561
  - conda: https://conda.anaconda.org/conda-forge/osx-arm64/c-ares-1.34.6-hc919400_0.conda
    sha256: 2995f2aed4e53725e5efbc28199b46bf311c3cab2648fc4f10c2227d6d5fa196
    md5: bcb3cba70cf1eec964a03b4ba7775f01
    depends:
      - __osx >=11.0
    license: MIT
    license_family: MIT
    run_exports:
      weak:
        - c-ares >=1.34.6,<2.0a0
    size: 180327
    timestamp: 1765215064054
  - conda: https://conda.anaconda.org/conda-forge/osx-arm64/hdrhistogram-c-0.11.9-h132b30e_1.conda
    sha256: bde94a98894bc8f9bd735aef0a1b8b805a4cc623bbbd1c53580c1acb24c22c7c
    md5: 7938c4e113486aea6258375a41a5c1dd
    depends:
      - __osx >=11.0
      - libzlib >=1.3.1,<2.0a0
    license: BSD-2-Clause OR CC0-1.0
    run_exports:
      weak:
        - hdrhistogram-c >=0.11.9,<0.11.10.0a0
    size: 37701
    timestamp: 1769816279348
  - conda: https://conda.anaconda.org/conda-forge/osx-arm64/icu-78.3-hef89b57_0.conda
    sha256: 3a7907a17e9937d3a46dfd41cffaf815abad59a569440d1e25177c15fd0684e5
    md5: f1182c91c0de31a7abd40cedf6a5ebef
    depends:
      - __osx >=11.0
    license: MIT
    license_family: MIT
    run_exports:
      weak:
        - icu >=78.3,<79.0a0
    size: 12361647
    timestamp: 1773822915649
  - conda: https://conda.anaconda.org/conda-forge/osx-arm64/libabseil-20260526.0-cxx17_h2062a1b_1.conda
    sha256: 450026eb01a52acd0ff122e331ec9b8546c93790143214b73e1c14bc2b075b22
    md5: 8adfdc0215e979a0ce31be676883e0b3
    depends:
      - __osx >=11.0
      - libcxx >=19
    constrains:
      - libabseil-static =20260526.0=cxx17*
      - abseil-cpp =20260526.0
    license: Apache-2.0
    license_family: Apache
    run_exports:
      weak:
        - libabseil >=20260526.0,<20260527.0a0
        - libabseil =*=cxx17*
    size: 1273408
    timestamp: 1780524599788
  - conda: https://conda.anaconda.org/conda-forge/osx-arm64/libarchive-3.8.8-gpl_h6fbacd7_100.conda
    sha256: 05c370fae4f2a5fd7baf59c15d75caec718d785ec47e813dbf7bff68355e4bb7
    md5: cfa10f3c4b14c13f676dc08e2ea29023
    depends:
      - __osx >=11.0
      - bzip2 >=1.0.8,<2.0a0
      - libiconv >=1.18,<2.0a0
      - liblzma >=5.8.3,<6.0a0
      - libxml2
      - libxml2-16 >=2.14.6
      - libzlib >=1.3.2,<2.0a0
      - lz4-c >=1.10.0,<1.11.0a0
      - lzo >=2.10,<3.0a0
      - openssl >=3.5.7,<4.0a0
      - zstd >=1.5.7,<1.6.0a0
    license: BSD-2-Clause
    license_family: BSD
    run_exports:
      weak:
        - libarchive >=3.8.8,<3.9.0a0
    size: 796153
    timestamp: 1782289667690
  - conda: https://conda.anaconda.org/conda-forge/osx-arm64/libbrotlicommon-1.2.0-hc919400_1.conda
    sha256: a7cb9e660531cf6fbd4148cff608c85738d0b76f0975c5fc3e7d5e92840b7229
    md5: 006e7ddd8a110771134fcc4e1e3a6ffa
    depends:
      - __osx >=11.0
    license: MIT
    license_family: MIT
    run_exports:
      weak:
        - libbrotlicommon >=1.2.0,<1.3.0a0
    size: 79443
    timestamp: 1764017945924
  - conda: https://conda.anaconda.org/conda-forge/osx-arm64/libbrotlidec-1.2.0-hc919400_1.conda
    sha256: 2eae444039826db0454b19b52a3390f63bfe24f6b3e63089778dd5a5bf48b6bf
    md5: 079e88933963f3f149054eec2c487bc2
    depends:
      - __osx >=11.0
      - libbrotlicommon 1.2.0 hc919400_1
    license: MIT
    license_family: MIT
    run_exports:
      weak:
        - libbrotlidec >=1.2.0,<1.3.0a0
    size: 29452
    timestamp: 1764017979099
  - conda: https://conda.anaconda.org/conda-forge/osx-arm64/libbrotlienc-1.2.0-hc919400_1.conda
    sha256: 01436c32bb41f9cb4bcf07dda647ce4e5deb8307abfc3abdc8da5317db8189d1
    md5: b2b7c8288ca1a2d71ff97a8e6a1e8883
    depends:
      - __osx >=11.0
      - libbrotlicommon 1.2.0 hc919400_1
    license: MIT
    license_family: MIT
    run_exports:
      weak:
        - libbrotlienc >=1.2.0,<1.3.0a0
    size: 290754
    timestamp: 1764018009077
  - conda: https://conda.anaconda.org/conda-forge/osx-arm64/libcxx-22.1.8-h55c6f16_0.conda
    sha256: a2e7abab5add9750fab064c024394de48e49f97631c605ad5db5c8ac3fc769ef
    md5: 89f76a2a21a3ec3ec983b5eb237c4113
    depends:
      - __osx >=11.0
    license: Apache-2.0 WITH LLVM-exception
    license_family: Apache
    run_exports: {}
    size: 569349
    timestamp: 1781670209146
  - conda: https://conda.anaconda.org/conda-forge/osx-arm64/libdeflate-1.25-hc11a715_0.conda
    sha256: 5e0b6961be3304a5f027a8c00bd0967fc46ae162cffb7553ff45c70f51b8314c
    md5: a6130c709305cd9828b4e1bd9ba0000c
    depends:
      - __osx >=11.0
    license: MIT
    license_family: MIT
    run_exports:
      weak:
        - libdeflate >=1.25,<1.26.0a0
    size: 55420
    timestamp: 1761980066242
  - conda: https://conda.anaconda.org/conda-forge/osx-arm64/libev-4.33-h93a5062_2.conda
    sha256: 95cecb3902fbe0399c3a7e67a5bed1db813e5ab0e22f4023a5e0f722f2cc214f
    md5: 36d33e440c31857372a72137f78bacf5
    license: BSD-2-Clause
    license_family: BSD
    run_exports:
      weak:
        - libev >=4.33,<4.34.0a0
    size: 107458
    timestamp: 1702146414478
  - conda: https://conda.anaconda.org/conda-forge/osx-arm64/libexpat-2.8.1-hf6b4638_1.conda
    sha256: 5af74261101e3c777399c6294b2b5d290e508153268eb2e9ff99c4d69834612f
    md5: a915151d5d3c5bf039f5ccc8402a436f
    depends:
      - __osx >=11.0
    constrains:
      - expat 2.8.1.*
    license: MIT
    license_family: MIT
    run_exports: {}
    size: 69362
    timestamp: 1781203631990
  - conda: https://conda.anaconda.org/conda-forge/osx-arm64/libffi-3.5.2-hcf2aa1b_0.conda
    sha256: 6686a26466a527585e6a75cc2a242bf4a3d97d6d6c86424a441677917f28bec7
    md5: 43c04d9cb46ef176bb2a4c77e324d599
    depends:
      - __osx >=11.0
    license: MIT
    license_family: MIT
    run_exports:
      weak:
        - libffi >=3.5.2,<3.6.0a0
    size: 40979
    timestamp: 1769456747661
  - conda: https://conda.anaconda.org/conda-forge/osx-arm64/libhwy-1.4.0-ha332bbd_0.conda
    sha256: 4fcad3cbec60da940312e883b7866816517acc5f9baecfe9a778de57327a1b1b
    md5: 7394850583ca88325244b68b532c7a39
    depends:
      - __osx >=11.0
      - libcxx >=19
    license: Apache-2.0 OR BSD-3-Clause
    run_exports:
      weak:
        - libhwy >=1.4.0,<1.5.0a0
    size: 609931
    timestamp: 1776990524407
  - conda: https://conda.anaconda.org/conda-forge/osx-arm64/libiconv-1.18-h23cfdf5_2.conda
    sha256: de0336e800b2af9a40bdd694b03870ac4a848161b35c8a2325704f123f185f03
    md5: 4d5a7445f0b25b6a3ddbb56e790f5251
    depends:
      - __osx >=11.0
    license: LGPL-2.1-only
    run_exports:
      weak:
        - libiconv >=1.18,<2.0a0
    size: 750379
    timestamp: 1754909073836
  - conda: https://conda.anaconda.org/conda-forge/osx-arm64/liblzma-5.8.3-h8088a28_0.conda
    sha256: 34878d87275c298f1a732c6806349125cebbf340d24c6c23727268184bba051e
    md5: b1fd823b5ae54fbec272cea0811bd8a9
    depends:
      - __osx >=11.0
    constrains:
      - xz 5.8.3.*
    license: 0BSD
    run_exports:
      weak:
        - liblzma >=5.8.3,<6.0a0
    size: 92472
    timestamp: 1775825802659
  - conda: https://conda.anaconda.org/conda-forge/osx-arm64/libmpdec-4.0.0-h84a0fba_1.conda
    sha256: 1089c7f15d5b62c622625ec6700732ece83be8b705da8c6607f4dabb0c4bd6d2
    md5: 57c4be259f5e0b99a5983799a228ae55
    depends:
      - __osx >=11.0
    license: BSD-2-Clause
    license_family: BSD
    run_exports: {}
    size: 73690
    timestamp: 1769482560514
  - conda: https://conda.anaconda.org/conda-forge/osx-arm64/libnghttp2-1.68.1-h8f3e76b_0.conda
    sha256: 2bc7bc3978066f2c274ebcbf711850cc9ab92e023e433b9631958a098d11e10a
    md5: 6ea18834adbc3b33df9bd9fb45eaf95b
    depends:
      - __osx >=11.0
      - c-ares >=1.34.6,<2.0a0
      - libcxx >=19
      - libev >=4.33,<4.34.0a0
      - libev >=4.33,<5.0a0
      - libzlib >=1.3.1,<2.0a0
      - openssl >=3.5.5,<4.0a0
    license: MIT
    license_family: MIT
    run_exports:
      weak:
        - libnghttp2 >=1.68.1,<2.0a0
    size: 576526
    timestamp: 1773854624224
  - conda: https://conda.anaconda.org/conda-forge/osx-arm64/libsqlite-3.53.3-h1b79a29_0.conda
    sha256: a73a8acd97a6599fd6e561514db9f101ca7fd984cdc0cfd91ba74c8aa9dbe067
    md5: 7184d95871a58b8258a8ea124ed5aabc
    depends:
      - __osx >=11.0
      - libzlib >=1.3.2,<2.0a0
    license: blessing
    run_exports:
      weak:
        - libsqlite >=3.53.3,<4.0a0
    size: 924912
    timestamp: 1782519136322
  - conda: https://conda.anaconda.org/conda-forge/osx-arm64/libuv-1.52.1-h1a92334_0.conda
    sha256: e23176af832f637693ebbb9bbe7d29c0f4cba662dabd001081d2aa6fc9f7f661
    md5: fa9fef7d9f33724b7c3899c883c25a3e
    depends:
      - __osx >=11.0
    license: MIT
    license_family: MIT
    run_exports:
      weak:
        - libuv >=1.52.1,<2.0a0
    size: 122732
    timestamp: 1779396113397
  - conda: https://conda.anaconda.org/conda-forge/osx-arm64/libxml2-16-2.15.3-h5ef1a60_0.conda
    sha256: ff75b84cdb9e8d123db2fa694a8ac2c2059516b6cbc98ac21fb68e235d0fd354
    md5: 19edaa53885fc8205614b03da2482282
    depends:
      - __osx >=11.0
      - icu >=78.3,<79.0a0
      - libiconv >=1.18,<2.0a0
      - liblzma >=5.8.3,<6.0a0
      - libzlib >=1.3.2,<2.0a0
    constrains:
      - libxml2 2.15.3
    license: MIT
    license_family: MIT
    run_exports: {}
    size: 466360
    timestamp: 1776377102261
  - conda: https://conda.anaconda.org/conda-forge/osx-arm64/libxml2-2.15.3-h5654f7c_0.conda
    sha256: 2fe1d8de0854342ae9cabe408b476935f82f5636e153b3b497456264dc8ff3a1
    md5: 8e037d73747d6fe34e12d7bcac10cf21
    depends:
      - __osx >=11.0
      - icu >=78.3,<79.0a0
      - libiconv >=1.18,<2.0a0
      - liblzma >=5.8.3,<6.0a0
      - libxml2-16 2.15.3 h5ef1a60_0
      - libzlib >=1.3.2,<2.0a0
    license: MIT
    license_family: MIT
    run_exports:
      weak:
        - libxml2
        - libxml2-16 >=2.15.3
    size: 41102
    timestamp: 1776377119495
  - conda: https://conda.anaconda.org/conda-forge/osx-arm64/libzlib-1.3.2-h8088a28_2.conda
    sha256: 361415a698514b19a852f5d1123c5da746d4642139904156ddfca7c922d23a05
    md5: bc5a5721b6439f2f62a84f2548136082
    depends:
      - __osx >=11.0
    constrains:
      - zlib 1.3.2 *_2
    license: Zlib
    license_family: Other
    run_exports:
      weak:
        - libzlib >=1.3.2,<2.0a0
    size: 47759
    timestamp: 1774072956767
  - conda: https://conda.anaconda.org/conda-forge/osx-arm64/lol-html-3.0.0-h6fdd925_0.conda
    sha256: 39e0889760cf9b991415277721e54a43b419f7f9ef74c9e6143cbfa7fd678959
    md5: 7fb36aa5e3c0bfcb90888ca5c5715660
    depends:
      - __osx >=11.0
    constrains:
      - __osx >=11.0
    license: BSD-3-Clause
    license_family: BSD
    run_exports:
      weak:
        - lol-html >=3.0.0,<3.0.1.0a0
    size: 447576
    timestamp: 1780399792530
  - conda: https://conda.anaconda.org/conda-forge/osx-arm64/ls-hpack-2.3.5-h1a92334_0.conda
    sha256: cdd6b81d14ed7fb271a74e9ff056144c88ec703a8baa676bc27f05169a293857
    md5: 72a3080021b46d7733adfca14ddd69ed
    depends:
      - __osx >=11.0
    license: MIT
    license_family: MIT
    run_exports:
      weak:
        - ls-hpack >=2.3.5,<2.3.6.0a0
    size: 103549
    timestamp: 1779602259051
  - conda: https://conda.anaconda.org/conda-forge/osx-arm64/lz4-c-1.10.0-h286801f_1.conda
    sha256: 94d3e2a485dab8bdfdd4837880bde3dd0d701e2b97d6134b8806b7c8e69c8652
    md5: 01511afc6cc1909c5303cf31be17b44f
    depends:
      - __osx >=11.0
      - libcxx >=18
    license: BSD-2-Clause
    license_family: BSD
    run_exports:
      weak:
        - lz4-c >=1.10.0,<1.11.0a0
    size: 148824
    timestamp: 1733741047892
  - conda: https://conda.anaconda.org/conda-forge/osx-arm64/lzo-2.10-h925e9cb_1002.conda
    sha256: db40fd25c6306bfda469f84cddd8b5ebb9aa08d509cecb49dfd0bb8228466d0c
    md5: e56eaa1beab0e7fed559ae9c0264dd88
    depends:
      - __osx >=11.0
    license: GPL-2.0-or-later
    license_family: GPL
    run_exports:
      weak:
        - lzo >=2.10,<3.0a0
    size: 152755
    timestamp: 1753889267953
  - conda: https://conda.anaconda.org/conda-forge/osx-arm64/ncurses-6.6-h1d4f5a5_0.conda
    sha256: 4ea6c620b87bd1d42bb2ccc2c87cd2483fa2d7f9e905b14c223f11ff3f4c455d
    md5: 343d10ed5b44030a2f67193905aea159
    depends:
      - __osx >=11.0
    license: X11 AND BSD-3-Clause
    run_exports:
      weak:
        - ncurses >=6.6,<7.0a0
    size: 805509
    timestamp: 1777423252320
  - conda: https://conda.anaconda.org/conda-forge/osx-arm64/nodejs-26.5.0-h00e74ec_0.conda
    sha256: 676de2e97763f31f04e82fa73fdc2852fe4a02b47ef984eca85e75c2fc0b5941
    md5: d8db0c638f8b006913b57c3af36e5064
    depends:
      - libcxx >=19
      - __osx >=12.0
      - libzlib >=1.3.2,<2.0a0
      - libbrotlicommon >=1.2.0,<1.3.0a0
      - libbrotlienc >=1.2.0,<1.3.0a0
      - libbrotlidec >=1.2.0,<1.3.0a0
      - libnghttp2 >=1.68.1,<2.0a0
      - libsqlite >=3.53.3,<4.0a0
      - libuv >=1.52.1,<2.0a0
      - c-ares >=1.34.6,<2.0a0
      - openssl >=3.5.7,<4.0a0
      - icu >=78.3,<79.0a0
      - zstd >=1.5.7,<1.6.0a0
      - libabseil >=20260526.0,<20260527.0a0
      - libabseil * cxx17*
    license: MIT
    run_exports:
      weak:
        - nodejs >=26.5.0,<27.0a0
    size: 18185560
    timestamp: 1783543392996
  - conda: https://conda.anaconda.org/conda-forge/osx-arm64/openssl-3.6.3-hd24854e_0.conda
    sha256: b3e3ca895c336d4eb91c5d2f244a312bdb59a0de8cfa0cc4c179225ab2f6bbfb
    md5: 8187a86242741725bfa74785fe812979
    depends:
      - __osx >=11.0
      - ca-certificates
    license: Apache-2.0
    license_family: Apache
    run_exports:
      weak:
        - openssl >=3.6.3,<4.0a0
    size: 3102584
    timestamp: 1781069820667
  - conda: https://conda.anaconda.org/conda-forge/osx-arm64/python-3.14.6-h156bc91_100_cp314.conda
    build_number: 100
    sha256: 984081c9fae3a3944c6f2707bbbbc70e8b961f02cdb7c640d9745e2636235632
    md5: 4841be3d0cf616a860efc6e60af66f8b
    depends:
      - __osx >=11.0
      - bzip2 >=1.0.8,<2.0a0
      - libexpat >=2.8.1,<3.0a0
      - libffi >=3.5.2,<3.6.0a0
      - liblzma >=5.8.3,<6.0a0
      - libmpdec >=4.0.0,<5.0a0
      - libsqlite >=3.53.2,<4.0a0
      - libzlib >=1.3.2,<2.0a0
      - ncurses >=6.6,<7.0a0
      - openssl >=3.5.7,<4.0a0
      - python_abi 3.14.* *_cp314
      - readline >=8.3,<9.0a0
      - tk >=8.6.13,<8.7.0a0
      - tzdata
      - zstd >=1.5.7,<1.6.0a0
    license: Python-2.0
    run_exports:
      weak:
        - python_abi 3.14.* *_cp314
      noarch:
        - python
    size: 14059371
    timestamp: 1781254578985
    python_site_packages_path: lib/python3.14/site-packages
  - conda: https://conda.anaconda.org/conda-forge/osx-arm64/readline-8.3-h46df422_0.conda
    sha256: a77010528efb4b548ac2a4484eaf7e1c3907f2aec86123ed9c5212ae44502477
    md5: f8381319127120ce51e081dce4865cf4
    depends:
      - __osx >=11.0
      - ncurses >=6.5,<7.0a0
    license: GPL-3.0-only
    license_family: GPL
    run_exports:
      weak:
        - readline >=8.3,<9.0a0
    size: 313930
    timestamp: 1765813902568
  - conda: https://conda.anaconda.org/conda-forge/osx-arm64/tk-8.6.13-h010d191_3.conda
    sha256: 799cab4b6cde62f91f750149995d149bc9db525ec12595e8a1d91b9317f038b3
    md5: a9d86bc62f39b94c4661716624eb21b0
    depends:
      - __osx >=11.0
      - libzlib >=1.3.1,<2.0a0
    license: TCL
    license_family: BSD
    run_exports:
      weak:
        - tk >=8.6.13,<8.7.0a0
    size: 3127137
    timestamp: 1769460817696
  - conda: https://conda.anaconda.org/conda-forge/osx-arm64/zstd-1.5.7-hbf9d68e_6.conda
    sha256: 9485ba49e8f47d2b597dd399e88f4802e100851b27c21d7525625b0b4025a5d9
    md5: ab136e4c34e97f34fb621d2592a393d8
    depends:
      - __osx >=11.0
      - libzlib >=1.3.1,<2.0a0
    license: BSD-3-Clause
    license_family: BSD
    run_exports:
      weak:
        - zstd >=1.5.7,<1.6.0a0
    size: 433413
    timestamp: 1764777166076
